
Microsoft Visual Studio Solution File, Format Version 12.00
# Visual Studio 2015
Project("{FAE04EC0-301F-11D3-BF4B-00C04F79EFBC}") = "LearningWorld.CSharp", "LearningWorld.CSharp.csproj", "{592F1234-C20D-B1AB-49E1-3BEE61500718}"
EndProject
Global
	GlobalSection(SolutionConfigurationPlatforms) = preSolution
		Debug|Any CPU = Debug|Any CPU
		Release|Any CPU = Release|Any CPU
	EndGlobalSection
	GlobalSection(ProjectConfigurationPlatforms) = postSolution
		{592F1234-C20D-B1AB-49E1-3BEE61500718}.Debug|Any CPU.ActiveCfg = Debug|Any CPU
		{592F1234-C20D-B1AB-49E1-3BEE61500718}.Debug|Any CPU.Build.0 = Debug|Any CPU
		{592F1234-C20D-B1AB-49E1-3BEE61500718}.Release|Any CPU.ActiveCfg = Release|Any CPU
		{592F1234-C20D-B1AB-49E1-3BEE61500718}.Release|Any CPU.Build.0 = Release|Any CPU
	EndGlobalSection
	GlobalSection(SolutionProperties) = preSolution
		HideSolutionNode = FALSE
	EndGlobalSection
EndGlobal
